
Microsoft Visual Studio Solution File, Format Version 12.00
# Visual Studio Version 16
VisualStudioVersion = 16.0.31515.178
MinimumVisualStudioVersion = 10.0.40219.1
Project("{FAE04EC0-301F-11D3-BF4B-00C04F79EFBC}") = "Broker", "Broker\Broker.csproj", "{AAC46ED4-A3DE-42BD-819F-397008AEDE9D}"
EndProject
Project("{FAE04EC0-301F-11D3-BF4B-00C04F79EFBC}") = "Client", "Client\Client.csproj", "{4C69989A-5878-4C66-B2B6-B2899EF716C3}"
EndProject
Project("{FAE04EC0-301F-11D3-BF4B-00C04F79EFBC}") = "Models", "Models\Models.csproj", "{7F6E7FDD-C794-4328-9844-EE26901BF242}"
EndProject
Project("{FAE04EC0-301F-11D3-BF4B-00C04F79EFBC}") = "Services", "Services\Services.csproj", "{F91FF960-77B5-499A-8005-5B0E86FA4428}"
EndProject
Global
	GlobalSection(SolutionConfigurationPlatforms) = preSolution
		Debug|Any CPU = Debug|Any CPU
		Release|Any CPU = Release|Any CPU
	EndGlobalSection
	GlobalSection(ProjectConfigurationPlatforms) = postSolution
		{AAC46ED4-A3DE-42BD-819F-397008AEDE9D}.Debug|Any CPU.ActiveCfg = Debug|Any CPU
		{AAC46ED4-A3DE-42BD-819F-397008AEDE9D}.Debug|Any CPU.Build.0 = Debug|Any CPU
		{AAC46ED4-A3DE-42BD-819F-397008AEDE9D}.Release|Any CPU.ActiveCfg = Release|Any CPU
		{AAC46ED4-A3DE-42BD-819F-397008AEDE9D}.Release|Any CPU.Build.0 = Release|Any CPU
		{4C69989A-5878-4C66-B2B6-B2899EF716C3}.Debug|Any CPU.ActiveCfg = Debug|Any CPU
		{4C69989A-5878-4C66-B2B6-B2899EF716C3}.Debug|Any CPU.Build.0 = Debug|Any CPU
		{4C69989A-5878-4C66-B2B6-B2899EF716C3}.Release|Any CPU.ActiveCfg = Release|Any CPU
		{4C69989A-5878-4C66-B2B6-B2899EF716C3}.Release|Any CPU.Build.0 = Release|Any CPU
		{7F6E7FDD-C794-4328-9844-EE26901BF242}.Debug|Any CPU.ActiveCfg = Debug|Any CPU
		{7F6E7FDD-C794-4328-9844-EE26901BF242}.Debug|Any CPU.Build.0 = Debug|Any CPU
		{7F6E7FDD-C794-4328-9844-EE26901BF242}.Release|Any CPU.ActiveCfg = Release|Any CPU
		{7F6E7FDD-C794-4328-9844-EE26901BF242}.Release|Any CPU.Build.0 = Release|Any CPU
		{F91FF960-77B5-499A-8005-5B0E86FA4428}.Debug|Any CPU.ActiveCfg = Debug|Any CPU
		{F91FF960-77B5-499A-8005-5B0E86FA4428}.Debug|Any CPU.Build.0 = Debug|Any CPU
		{F91FF960-77B5-499A-8005-5B0E86FA4428}.Release|Any CPU.ActiveCfg = Release|Any CPU
		{F91FF960-77B5-499A-8005-5B0E86FA4428}.Release|Any CPU.Build.0 = Release|Any CPU
	EndGlobalSection
	GlobalSection(SolutionProperties) = preSolution
		HideSolutionNode = FALSE
	EndGlobalSection
	GlobalSection(ExtensibilityGlobals) = postSolution
		SolutionGuid = {A83CB8B6-2709-4A60-9238-E5E82B91896A}
	EndGlobalSection
EndGlobal
